
Microsoft Visual Studio Solution File, Format Version 12.00
# Visual Studio Version 17
VisualStudioVersion = 17.5.33530.505
MinimumVisualStudioVersion = 10.0.40219.1
Project("{FAE04EC0-301F-11D3-BF4B-00C04F79EFBC}") = "baitapgiuakiC#", "baitapgiuakiC#\baitapgiuakiC#.csproj", "{72807EF7-7438-43D0-8F9E-8B7337E52765}"
EndProject
Project("{FAE04EC0-301F-11D3-BF4B-00C04F79EFBC}") = "baigiuakiC#2", "baigiuakiC#2\baigiuakiC#2.csproj", "{532F42AA-FC28-4E6C-9E22-1BC7BF069CBC}"
EndProject
Global
	GlobalSection(SolutionConfigurationPlatforms) = preSolution
		Debug|Any CPU = Debug|Any CPU
		Release|Any CPU = Release|Any CPU
	EndGlobalSection
	GlobalSection(ProjectConfigurationPlatforms) = postSolution
		{72807EF7-7438-43D0-8F9E-8B7337E52765}.Debug|Any CPU.ActiveCfg = Debug|Any CPU
		{72807EF7-7438-43D0-8F9E-8B7337E52765}.Debug|Any CPU.Build.0 = Debug|Any CPU
		{72807EF7-7438-43D0-8F9E-8B7337E52765}.Release|Any CPU.ActiveCfg = Release|Any CPU
		{72807EF7-7438-43D0-8F9E-8B7337E52765}.Release|Any CPU.Build.0 = Release|Any CPU
		{532F42AA-FC28-4E6C-9E22-1BC7BF069CBC}.Debug|Any CPU.ActiveCfg = Debug|Any CPU
		{532F42AA-FC28-4E6C-9E22-1BC7BF069CBC}.Debug|Any CPU.Build.0 = Debug|Any CPU
		{532F42AA-FC28-4E6C-9E22-1BC7BF069CBC}.Release|Any CPU.ActiveCfg = Release|Any CPU
		{532F42AA-FC28-4E6C-9E22-1BC7BF069CBC}.Release|Any CPU.Build.0 = Release|Any CPU
	EndGlobalSection
	GlobalSection(SolutionProperties) = preSolution
		HideSolutionNode = FALSE
	EndGlobalSection
	GlobalSection(ExtensibilityGlobals) = postSolution
		SolutionGuid = {D3275121-59FD-4A40-922D-DABD23964FC3}
	EndGlobalSection
EndGlobal
